
Microsoft Visual Studio Solution File, Format Version 12.00
# Visual Studio 2012
Project("{FAE04EC0-301F-11D3-BF4B-00C04F79EFBC}") = "XamarinEvents", "XamarinEvents\XamarinEvents.csproj", "{BA070A9E-DA01-48A9-87F7-BA8375466ADB}"
EndProject
Project("{FAE04EC0-301F-11D3-BF4B-00C04F79EFBC}") = "XamarinEvents.iOS", "iOS\XamarinEvents.iOS.csproj", "{41897450-A120-410C-A5AC-5535A566E094}"
EndProject
Project("{FAE04EC0-301F-11D3-BF4B-00C04F79EFBC}") = "XamarinEvents.Droid", "Droid\XamarinEvents.Droid.csproj", "{69E4DDC9-0A38-4A8E-8D0B-7F38DBACD76C}"
EndProject
Global
	GlobalSection(SolutionConfigurationPlatforms) = preSolution
		Debug|Any CPU = Debug|Any CPU
		Release|Any CPU = Release|Any CPU
		Debug|iPhoneSimulator = Debug|iPhoneSimulator
		Release|iPhone = Release|iPhone
		Release|iPhoneSimulator = Release|iPhoneSimulator
		Debug|iPhone = Debug|iPhone
	EndGlobalSection
	GlobalSection(ProjectConfigurationPlatforms) = postSolution
		{41897450-A120-410C-A5AC-5535A566E094}.Debug|Any CPU.ActiveCfg = Debug|iPhoneSimulator
		{41897450-A120-410C-A5AC-5535A566E094}.Debug|Any CPU.Build.0 = Debug|iPhoneSimulator
		{41897450-A120-410C-A5AC-5535A566E094}.Debug|iPhone.ActiveCfg = Debug|iPhone
		{41897450-A120-410C-A5AC-5535A566E094}.Debug|iPhone.Build.0 = Debug|iPhone
		{41897450-A120-410C-A5AC-5535A566E094}.Debug|iPhoneSimulator.ActiveCfg = Debug|iPhoneSimulator
		{41897450-A120-410C-A5AC-5535A566E094}.Debug|iPhoneSimulator.Build.0 = Debug|iPhoneSimulator
		{41897450-A120-410C-A5AC-5535A566E094}.Release|Any CPU.ActiveCfg = Release|iPhone
		{41897450-A120-410C-A5AC-5535A566E094}.Release|Any CPU.Build.0 = Release|iPhone
		{41897450-A120-410C-A5AC-5535A566E094}.Release|iPhone.ActiveCfg = Release|iPhone
		{41897450-A120-410C-A5AC-5535A566E094}.Release|iPhone.Build.0 = Release|iPhone
		{41897450-A120-410C-A5AC-5535A566E094}.Release|iPhoneSimulator.ActiveCfg = Release|iPhoneSimulator
		{41897450-A120-410C-A5AC-5535A566E094}.Release|iPhoneSimulator.Build.0 = Release|iPhoneSimulator
		{69E4DDC9-0A38-4A8E-8D0B-7F38DBACD76C}.Debug|Any CPU.ActiveCfg = Debug|Any CPU
		{69E4DDC9-0A38-4A8E-8D0B-7F38DBACD76C}.Debug|Any CPU.Build.0 = Debug|Any CPU
		{69E4DDC9-0A38-4A8E-8D0B-7F38DBACD76C}.Debug|iPhone.ActiveCfg = Debug|Any CPU
		{69E4DDC9-0A38-4A8E-8D0B-7F38DBACD76C}.Debug|iPhone.Build.0 = Debug|Any CPU
		{69E4DDC9-0A38-4A8E-8D0B-7F38DBACD76C}.Debug|iPhoneSimulator.ActiveCfg = Debug|Any CPU
		{69E4DDC9-0A38-4A8E-8D0B-7F38DBACD76C}.Debug|iPhoneSimulator.Build.0 = Debug|Any CPU
		{69E4DDC9-0A38-4A8E-8D0B-7F38DBACD76C}.Release|Any CPU.ActiveCfg = Release|Any CPU
		{69E4DDC9-0A38-4A8E-8D0B-7F38DBACD76C}.Release|Any CPU.Build.0 = Release|Any CPU
		{69E4DDC9-0A38-4A8E-8D0B-7F38DBACD76C}.Release|iPhone.ActiveCfg = Release|Any CPU
		{69E4DDC9-0A38-4A8E-8D0B-7F38DBACD76C}.Release|iPhone.Build.0 = Release|Any CPU
		{69E4DDC9-0A38-4A8E-8D0B-7F38DBACD76C}.Release|iPhoneSimulator.ActiveCfg = Release|Any CPU
		{69E4DDC9-0A38-4A8E-8D0B-7F38DBACD76C}.Release|iPhoneSimulator.Build.0 = Release|Any CPU
		{BA070A9E-DA01-48A9-87F7-BA8375466ADB}.Debug|Any CPU.ActiveCfg = Debug|Any CPU
		{BA070A9E-DA01-48A9-87F7-BA8375466ADB}.Debug|Any CPU.Build.0 = Debug|Any CPU
		{BA070A9E-DA01-48A9-87F7-BA8375466ADB}.Debug|iPhone.ActiveCfg = Debug|Any CPU
		{BA070A9E-DA01-48A9-87F7-BA8375466ADB}.Debug|iPhone.Build.0 = Debug|Any CPU
		{BA070A9E-DA01-48A9-87F7-BA8375466ADB}.Debug|iPhoneSimulator.ActiveCfg = Debug|Any CPU
		{BA070A9E-DA01-48A9-87F7-BA8375466ADB}.Debug|iPhoneSimulator.Build.0 = Debug|Any CPU
		{BA070A9E-DA01-48A9-87F7-BA8375466ADB}.Release|Any CPU.ActiveCfg = Release|Any CPU
		{BA070A9E-DA01-48A9-87F7-BA8375466ADB}.Release|Any CPU.Build.0 = Release|Any CPU
		{BA070A9E-DA01-48A9-87F7-BA8375466ADB}.Release|iPhone.ActiveCfg = Release|Any CPU
		{BA070A9E-DA01-48A9-87F7-BA8375466ADB}.Release|iPhone.Build.0 = Release|Any CPU
		{BA070A9E-DA01-48A9-87F7-BA8375466ADB}.Release|iPhoneSimulator.ActiveCfg = Release|Any CPU
		{BA070A9E-DA01-48A9-87F7-BA8375466ADB}.Release|iPhoneSimulator.Build.0 = Release|Any CPU
	EndGlobalSection
EndGlobal
