
Microsoft Visual Studio Solution File, Format Version 12.00
# Visual Studio 2012
Project("{FAE04EC0-301F-11D3-BF4B-00C04F79EFBC}") = "SimpleXamarin", "SimpleXamarin\SimpleXamarin.csproj", "{BC4453B5-5ECB-4865-8226-203AB99FAB95}"
EndProject
Project("{FAE04EC0-301F-11D3-BF4B-00C04F79EFBC}") = "SimpleXamarin.iOS", "iOS\SimpleXamarin.iOS.csproj", "{8152987A-84E3-4E02-B227-7ADAC05A09B1}"
EndProject
Project("{FAE04EC0-301F-11D3-BF4B-00C04F79EFBC}") = "SimpleXamarin.Droid", "Droid\SimpleXamarin.Droid.csproj", "{D67EF813-9C21-4EA0-A2E4-BBC1E0DF593C}"
EndProject
Global
	GlobalSection(SolutionConfigurationPlatforms) = preSolution
		Debug|Any CPU = Debug|Any CPU
		Release|Any CPU = Release|Any CPU
		Debug|iPhoneSimulator = Debug|iPhoneSimulator
		Release|iPhone = Release|iPhone
		Release|iPhoneSimulator = Release|iPhoneSimulator
		Debug|iPhone = Debug|iPhone
	EndGlobalSection
	GlobalSection(ProjectConfigurationPlatforms) = postSolution
		{8152987A-84E3-4E02-B227-7ADAC05A09B1}.Debug|Any CPU.ActiveCfg = Debug|iPhoneSimulator
		{8152987A-84E3-4E02-B227-7ADAC05A09B1}.Debug|Any CPU.Build.0 = Debug|iPhoneSimulator
		{8152987A-84E3-4E02-B227-7ADAC05A09B1}.Debug|iPhone.ActiveCfg = Debug|iPhone
		{8152987A-84E3-4E02-B227-7ADAC05A09B1}.Debug|iPhone.Build.0 = Debug|iPhone
		{8152987A-84E3-4E02-B227-7ADAC05A09B1}.Debug|iPhoneSimulator.ActiveCfg = Debug|iPhoneSimulator
		{8152987A-84E3-4E02-B227-7ADAC05A09B1}.Debug|iPhoneSimulator.Build.0 = Debug|iPhoneSimulator
		{8152987A-84E3-4E02-B227-7ADAC05A09B1}.Release|Any CPU.ActiveCfg = Release|iPhone
		{8152987A-84E3-4E02-B227-7ADAC05A09B1}.Release|Any CPU.Build.0 = Release|iPhone
		{8152987A-84E3-4E02-B227-7ADAC05A09B1}.Release|iPhone.ActiveCfg = Release|iPhone
		{8152987A-84E3-4E02-B227-7ADAC05A09B1}.Release|iPhone.Build.0 = Release|iPhone
		{8152987A-84E3-4E02-B227-7ADAC05A09B1}.Release|iPhoneSimulator.ActiveCfg = Release|iPhoneSimulator
		{8152987A-84E3-4E02-B227-7ADAC05A09B1}.Release|iPhoneSimulator.Build.0 = Release|iPhoneSimulator
		{BC4453B5-5ECB-4865-8226-203AB99FAB95}.Debug|Any CPU.ActiveCfg = Debug|Any CPU
		{BC4453B5-5ECB-4865-8226-203AB99FAB95}.Debug|Any CPU.Build.0 = Debug|Any CPU
		{BC4453B5-5ECB-4865-8226-203AB99FAB95}.Debug|iPhone.ActiveCfg = Debug|Any CPU
		{BC4453B5-5ECB-4865-8226-203AB99FAB95}.Debug|iPhone.Build.0 = Debug|Any CPU
		{BC4453B5-5ECB-4865-8226-203AB99FAB95}.Debug|iPhoneSimulator.ActiveCfg = Debug|Any CPU
		{BC4453B5-5ECB-4865-8226-203AB99FAB95}.Debug|iPhoneSimulator.Build.0 = Debug|Any CPU
		{BC4453B5-5ECB-4865-8226-203AB99FAB95}.Release|Any CPU.ActiveCfg = Release|Any CPU
		{BC4453B5-5ECB-4865-8226-203AB99FAB95}.Release|Any CPU.Build.0 = Release|Any CPU
		{BC4453B5-5ECB-4865-8226-203AB99FAB95}.Release|iPhone.ActiveCfg = Release|Any CPU
		{BC4453B5-5ECB-4865-8226-203AB99FAB95}.Release|iPhone.Build.0 = Release|Any CPU
		{BC4453B5-5ECB-4865-8226-203AB99FAB95}.Release|iPhoneSimulator.ActiveCfg = Release|Any CPU
		{BC4453B5-5ECB-4865-8226-203AB99FAB95}.Release|iPhoneSimulator.Build.0 = Release|Any CPU
		{D67EF813-9C21-4EA0-A2E4-BBC1E0DF593C}.Debug|Any CPU.ActiveCfg = Debug|Any CPU
		{D67EF813-9C21-4EA0-A2E4-BBC1E0DF593C}.Debug|Any CPU.Build.0 = Debug|Any CPU
		{D67EF813-9C21-4EA0-A2E4-BBC1E0DF593C}.Debug|iPhone.ActiveCfg = Debug|Any CPU
		{D67EF813-9C21-4EA0-A2E4-BBC1E0DF593C}.Debug|iPhone.Build.0 = Debug|Any CPU
		{D67EF813-9C21-4EA0-A2E4-BBC1E0DF593C}.Debug|iPhoneSimulator.ActiveCfg = Debug|Any CPU
		{D67EF813-9C21-4EA0-A2E4-BBC1E0DF593C}.Debug|iPhoneSimulator.Build.0 = Debug|Any CPU
		{D67EF813-9C21-4EA0-A2E4-BBC1E0DF593C}.Release|Any CPU.ActiveCfg = Release|Any CPU
		{D67EF813-9C21-4EA0-A2E4-BBC1E0DF593C}.Release|Any CPU.Build.0 = Release|Any CPU
		{D67EF813-9C21-4EA0-A2E4-BBC1E0DF593C}.Release|iPhone.ActiveCfg = Release|Any CPU
		{D67EF813-9C21-4EA0-A2E4-BBC1E0DF593C}.Release|iPhone.Build.0 = Release|Any CPU
		{D67EF813-9C21-4EA0-A2E4-BBC1E0DF593C}.Release|iPhoneSimulator.ActiveCfg = Release|Any CPU
		{D67EF813-9C21-4EA0-A2E4-BBC1E0DF593C}.Release|iPhoneSimulator.Build.0 = Release|Any CPU
	EndGlobalSection
EndGlobal
