
Microsoft Visual Studio Solution File, Format Version 12.00
# Visual Studio 2012
Project("{FAE04EC0-301F-11D3-BF4B-00C04F79EFBC}") = "HelloRK1", "HelloRK1\HelloRK1.csproj", "{9C94E399-4117-4990-B050-572855CE76BD}"
EndProject
Project("{FAE04EC0-301F-11D3-BF4B-00C04F79EFBC}") = "HelloRK1.iOS", "iOS\HelloRK1.iOS.csproj", "{255EB0CF-6167-4A0B-AE4C-19416D88260F}"
EndProject
Project("{FAE04EC0-301F-11D3-BF4B-00C04F79EFBC}") = "HelloRK1.Droid", "Droid\HelloRK1.Droid.csproj", "{D2D1430D-B9F3-4451-91C1-3CE9891909A9}"
EndProject
Project("{FAE04EC0-301F-11D3-BF4B-00C04F79EFBC}") = "HelloRK1.UITests", "UITests\HelloRK1.UITests.csproj", "{AB09038B-DA9A-4FA1-9DFB-7E2F8CA6A9D6}"
EndProject
Global
	GlobalSection(SolutionConfigurationPlatforms) = preSolution
		Debug|Any CPU = Debug|Any CPU
		Release|Any CPU = Release|Any CPU
		Debug|iPhoneSimulator = Debug|iPhoneSimulator
		Release|iPhone = Release|iPhone
		Release|iPhoneSimulator = Release|iPhoneSimulator
		Debug|iPhone = Debug|iPhone
	EndGlobalSection
	GlobalSection(ProjectConfigurationPlatforms) = postSolution
		{255EB0CF-6167-4A0B-AE4C-19416D88260F}.Debug|Any CPU.ActiveCfg = Debug|iPhoneSimulator
		{255EB0CF-6167-4A0B-AE4C-19416D88260F}.Debug|Any CPU.Build.0 = Debug|iPhoneSimulator
		{255EB0CF-6167-4A0B-AE4C-19416D88260F}.Debug|iPhone.ActiveCfg = Debug|iPhone
		{255EB0CF-6167-4A0B-AE4C-19416D88260F}.Debug|iPhone.Build.0 = Debug|iPhone
		{255EB0CF-6167-4A0B-AE4C-19416D88260F}.Debug|iPhoneSimulator.ActiveCfg = Debug|iPhoneSimulator
		{255EB0CF-6167-4A0B-AE4C-19416D88260F}.Debug|iPhoneSimulator.Build.0 = Debug|iPhoneSimulator
		{255EB0CF-6167-4A0B-AE4C-19416D88260F}.Release|Any CPU.ActiveCfg = Release|iPhone
		{255EB0CF-6167-4A0B-AE4C-19416D88260F}.Release|Any CPU.Build.0 = Release|iPhone
		{255EB0CF-6167-4A0B-AE4C-19416D88260F}.Release|iPhone.ActiveCfg = Release|iPhone
		{255EB0CF-6167-4A0B-AE4C-19416D88260F}.Release|iPhone.Build.0 = Release|iPhone
		{255EB0CF-6167-4A0B-AE4C-19416D88260F}.Release|iPhoneSimulator.ActiveCfg = Release|iPhoneSimulator
		{255EB0CF-6167-4A0B-AE4C-19416D88260F}.Release|iPhoneSimulator.Build.0 = Release|iPhoneSimulator
		{9C94E399-4117-4990-B050-572855CE76BD}.Debug|Any CPU.ActiveCfg = Debug|Any CPU
		{9C94E399-4117-4990-B050-572855CE76BD}.Debug|Any CPU.Build.0 = Debug|Any CPU
		{9C94E399-4117-4990-B050-572855CE76BD}.Debug|iPhone.ActiveCfg = Debug|Any CPU
		{9C94E399-4117-4990-B050-572855CE76BD}.Debug|iPhone.Build.0 = Debug|Any CPU
		{9C94E399-4117-4990-B050-572855CE76BD}.Debug|iPhoneSimulator.ActiveCfg = Debug|Any CPU
		{9C94E399-4117-4990-B050-572855CE76BD}.Debug|iPhoneSimulator.Build.0 = Debug|Any CPU
		{9C94E399-4117-4990-B050-572855CE76BD}.Release|Any CPU.ActiveCfg = Release|Any CPU
		{9C94E399-4117-4990-B050-572855CE76BD}.Release|Any CPU.Build.0 = Release|Any CPU
		{9C94E399-4117-4990-B050-572855CE76BD}.Release|iPhone.ActiveCfg = Release|Any CPU
		{9C94E399-4117-4990-B050-572855CE76BD}.Release|iPhone.Build.0 = Release|Any CPU
		{9C94E399-4117-4990-B050-572855CE76BD}.Release|iPhoneSimulator.ActiveCfg = Release|Any CPU
		{9C94E399-4117-4990-B050-572855CE76BD}.Release|iPhoneSimulator.Build.0 = Release|Any CPU
		{AB09038B-DA9A-4FA1-9DFB-7E2F8CA6A9D6}.Debug|Any CPU.ActiveCfg = Debug|Any CPU
		{AB09038B-DA9A-4FA1-9DFB-7E2F8CA6A9D6}.Debug|Any CPU.Build.0 = Debug|Any CPU
		{AB09038B-DA9A-4FA1-9DFB-7E2F8CA6A9D6}.Debug|iPhone.ActiveCfg = Debug|Any CPU
		{AB09038B-DA9A-4FA1-9DFB-7E2F8CA6A9D6}.Debug|iPhone.Build.0 = Debug|Any CPU
		{AB09038B-DA9A-4FA1-9DFB-7E2F8CA6A9D6}.Debug|iPhoneSimulator.ActiveCfg = Debug|Any CPU
		{AB09038B-DA9A-4FA1-9DFB-7E2F8CA6A9D6}.Debug|iPhoneSimulator.Build.0 = Debug|Any CPU
		{AB09038B-DA9A-4FA1-9DFB-7E2F8CA6A9D6}.Release|Any CPU.ActiveCfg = Release|Any CPU
		{AB09038B-DA9A-4FA1-9DFB-7E2F8CA6A9D6}.Release|Any CPU.Build.0 = Release|Any CPU
		{AB09038B-DA9A-4FA1-9DFB-7E2F8CA6A9D6}.Release|iPhone.ActiveCfg = Release|Any CPU
		{AB09038B-DA9A-4FA1-9DFB-7E2F8CA6A9D6}.Release|iPhone.Build.0 = Release|Any CPU
		{AB09038B-DA9A-4FA1-9DFB-7E2F8CA6A9D6}.Release|iPhoneSimulator.ActiveCfg = Release|Any CPU
		{AB09038B-DA9A-4FA1-9DFB-7E2F8CA6A9D6}.Release|iPhoneSimulator.Build.0 = Release|Any CPU
		{D2D1430D-B9F3-4451-91C1-3CE9891909A9}.Debug|Any CPU.ActiveCfg = Debug|Any CPU
		{D2D1430D-B9F3-4451-91C1-3CE9891909A9}.Debug|Any CPU.Build.0 = Debug|Any CPU
		{D2D1430D-B9F3-4451-91C1-3CE9891909A9}.Debug|iPhone.ActiveCfg = Debug|Any CPU
		{D2D1430D-B9F3-4451-91C1-3CE9891909A9}.Debug|iPhone.Build.0 = Debug|Any CPU
		{D2D1430D-B9F3-4451-91C1-3CE9891909A9}.Debug|iPhoneSimulator.ActiveCfg = Debug|Any CPU
		{D2D1430D-B9F3-4451-91C1-3CE9891909A9}.Debug|iPhoneSimulator.Build.0 = Debug|Any CPU
		{D2D1430D-B9F3-4451-91C1-3CE9891909A9}.Release|Any CPU.ActiveCfg = Release|Any CPU
		{D2D1430D-B9F3-4451-91C1-3CE9891909A9}.Release|Any CPU.Build.0 = Release|Any CPU
		{D2D1430D-B9F3-4451-91C1-3CE9891909A9}.Release|iPhone.ActiveCfg = Release|Any CPU
		{D2D1430D-B9F3-4451-91C1-3CE9891909A9}.Release|iPhone.Build.0 = Release|Any CPU
		{D2D1430D-B9F3-4451-91C1-3CE9891909A9}.Release|iPhoneSimulator.ActiveCfg = Release|Any CPU
		{D2D1430D-B9F3-4451-91C1-3CE9891909A9}.Release|iPhoneSimulator.Build.0 = Release|Any CPU
	EndGlobalSection
EndGlobal
